
Microsoft Visual Studio Solution File, Format Version 12.00
# Visual Studio 15
VisualStudioVersion = 15.0.26730.3
MinimumVisualStudioVersion = 10.0.40219.1
Project("{FAE04EC0-301F-11D3-BF4B-00C04F79EFBC}") = "MvcPagedList.Core", "MvcPagedList.Core\MvcPagedList.Core.csproj", "{A3165CDF-D965-43F5-A378-8CC0123A2B98}"
EndProject
Project("{FAE04EC0-301F-11D3-BF4B-00C04F79EFBC}") = "MvcPagedList.Core.Example", "MvcPagedList.Core.Example\MvcPagedList.Core.Example.csproj", "{606BB8F4-E60E-44BC-8196-7F2477E92C25}"
EndProject
Project("{FAE04EC0-301F-11D3-BF4B-00C04F79EFBC}") = "MvcPagedList.Core.Test", "MvcPagedList.Core.Test\MvcPagedList.Core.Test.csproj", "{33C1F11A-81F9-4424-9641-CA7FBCD717C9}"
EndProject
Global
	GlobalSection(SolutionConfigurationPlatforms) = preSolution
		Debug|Any CPU = Debug|Any CPU
		Release|Any CPU = Release|Any CPU
	EndGlobalSection
	GlobalSection(ProjectConfigurationPlatforms) = postSolution
		{A3165CDF-D965-43F5-A378-8CC0123A2B98}.Debug|Any CPU.ActiveCfg = Debug|Any CPU
		{A3165CDF-D965-43F5-A378-8CC0123A2B98}.Debug|Any CPU.Build.0 = Debug|Any CPU
		{A3165CDF-D965-43F5-A378-8CC0123A2B98}.Release|Any CPU.ActiveCfg = Release|Any CPU
		{A3165CDF-D965-43F5-A378-8CC0123A2B98}.Release|Any CPU.Build.0 = Release|Any CPU
		{606BB8F4-E60E-44BC-8196-7F2477E92C25}.Debug|Any CPU.ActiveCfg = Debug|Any CPU
		{606BB8F4-E60E-44BC-8196-7F2477E92C25}.Debug|Any CPU.Build.0 = Debug|Any CPU
		{606BB8F4-E60E-44BC-8196-7F2477E92C25}.Release|Any CPU.ActiveCfg = Release|Any CPU
		{606BB8F4-E60E-44BC-8196-7F2477E92C25}.Release|Any CPU.Build.0 = Release|Any CPU
		{33C1F11A-81F9-4424-9641-CA7FBCD717C9}.Debug|Any CPU.ActiveCfg = Debug|Any CPU
		{33C1F11A-81F9-4424-9641-CA7FBCD717C9}.Debug|Any CPU.Build.0 = Debug|Any CPU
		{33C1F11A-81F9-4424-9641-CA7FBCD717C9}.Release|Any CPU.ActiveCfg = Release|Any CPU
		{33C1F11A-81F9-4424-9641-CA7FBCD717C9}.Release|Any CPU.Build.0 = Release|Any CPU
	EndGlobalSection
	GlobalSection(SolutionProperties) = preSolution
		HideSolutionNode = FALSE
	EndGlobalSection
	GlobalSection(ExtensibilityGlobals) = postSolution
		SolutionGuid = {130A9462-C960-4207-B1AB-944B339C6F99}
	EndGlobalSection
EndGlobal
